{
  "name": "foodandotherstories",
  "version": "1.0.0",
  "lockfileVersion": 1,
  "requires": true,
  "dependencies": {
    "@contentful/rich-text-html-renderer": {
      "version": "14.1.1",
      "resolved": "https://registry.npmjs.org/@contentful/rich-text-html-renderer/-/rich-text-html-renderer-14.1.1.tgz",
      "integrity": "sha512-Sc9NDApq3S7AD1l5/s9ts6+AOCvjdpPGcFlAC55kZIViEI5Cw8TXuwVN303Aox3ixvlyC7FMeDJhx9EwT65jTw==",
      "requires": {
        "@contentful/rich-text-types": "^14.1.1",
        "escape-html": "^1.0.3"
      }
    },
    "@contentful/rich-text-types": {
      "version": "14.1.1",
      "resolved": "https://registry.npmjs.org/@contentful/rich-text-types/-/rich-text-types-14.1.1.tgz",
      "integrity": "sha512-Iow9U3so7V+2AngYLmt42BGtHjHGl+DQpxvXaryJe1X9LPHrQ41pALztJZFzDgajoEswBjOgmI9CFeQ1oUAdJA=="
    },
    "escape-html": {
      "version": "1.0.3",
      "resolved": "https://registry.npmjs.org/escape-html/-/escape-html-1.0.3.tgz",
      "integrity": "sha1-Aljq5NPQwJdN4cFpGI7wBR0dGYg="
    }
  }
}
